<?xml version="1.0" encoding="utf-8"?>
<Project ToolsVersion="4.0" xmlns="http://schemas.microsoft.com/developer/msbuild/2003">
  <ItemGroup>
    <Filter Include="Source Files">
      <UniqueIdentifier>{4FC737F1-C7A5-4376-A066-2A32D752A2FF}</UniqueIdentifier>
      <Extensions>cpp;c;cc;cxx;def;odl;idl;hpj;bat;asm;asmx</Extensions>
    </Filter>
    <Filter Include="Header Files">
      <UniqueIdentifier>{93995380-89BD-4b04-88EB-625FBE52EBFB}</UniqueIdentifier>
      <Extensions>h;hh;hpp;hxx;hm;inl;inc;ipp;xsd</Extensions>
    </Filter>
    <Filter Include="Resource Files">
      <UniqueIdentifier>{67DA6AB6-F800-4c08-8B7A-83BB121AAD01}</UniqueIdentifier>
      <Extensions>rc;ico;cur;bmp;dlg;rc2;rct;bin;rgs;gif;jpg;jpeg;jpe;resx;tiff;tif;png;wav;mfcribbon-ms</Extensions>
    </Filter>
  </ItemGroup>
  <ItemGroup>
    <ClCompile Include="SolveConnect2.cpp">
      <Filter>Source Files</Filter>
    </ClCompile>
    <ClCompile Include="TileNeutral.cpp">
      <Filter>Source Files</Filter>
    </ClCompile>
    <ClCompile Include="Tile.cpp">
      <Filter>Source Files</Filter>
    </ClCompile>
    <ClCompile Include="TileBlock.cpp">
      <Filter>Source Files</Filter>
    </ClCompile>
    <ClCompile Include="TileMirror.cpp">
      <Filter>Source Files</Filter>
    </ClCompile>
    <ClCompile Include="TilePortal.cpp">
      <Filter>Source Files</Filter>
    </ClCompile>
    <ClCompile Include="TileStart.cpp">
      <Filter>Source Files</Filter>
    </ClCompile>
    <ClCompile Include="TileEnd.cpp">
      <Filter>Source Files</Filter>
    </ClCompile>
    <ClCompile Include="Path.cpp">
      <Filter>Source Files</Filter>
    </ClCompile>
    <ClCompile Include="Point.cpp">
      <Filter>Source Files</Filter>
    </ClCompile>
    <ClCompile Include="Connect2.cpp">
      <Filter>Source Files</Filter>
    </ClCompile>
    <ClCompile Include="Board.cpp">
      <Filter>Source Files</Filter>
    </ClCompile>
    <ClCompile Include="MoveInput.cpp">
      <Filter>Source Files</Filter>
    </ClCompile>
    <ClCompile Include="BoardOccupy.cpp">
      <Filter>Source Files</Filter>
    </ClCompile>
    <ClCompile Include="MoveInstructions.cpp">
      <Filter>Source Files</Filter>
    </ClCompile>
    <ClCompile Include="PathInfoForBoard.cpp">
      <Filter>Source Files</Filter>
    </ClCompile>
    <ClCompile Include="PathMove.cpp">
      <Filter>Source Files</Filter>
    </ClCompile>
    <ClCompile Include="MoveInstructionsEnter.cpp">
      <Filter>Source Files</Filter>
    </ClCompile>
    <ClCompile Include="MoveInstructionsExit.cpp">
      <Filter>Source Files</Filter>
    </ClCompile>
    <ClCompile Include="RecursionHelper.cpp">
      <Filter>Source Files</Filter>
    </ClCompile>
    <ClCompile Include="Direction.cpp">
      <Filter>Source Files</Filter>
    </ClCompile>
    <ClCompile Include="GameInput.cpp">
      <Filter>Source Files</Filter>
    </ClCompile>
  </ItemGroup>
  <ItemGroup>
    <ClInclude Include="TileNeutral.h">
      <Filter>Header Files</Filter>
    </ClInclude>
    <ClInclude Include="Tile.h">
      <Filter>Header Files</Filter>
    </ClInclude>
    <ClInclude Include="TileBlock.h">
      <Filter>Header Files</Filter>
    </ClInclude>
    <ClInclude Include="TileMirror.h">
      <Filter>Header Files</Filter>
    </ClInclude>
    <ClInclude Include="TilePortal.h">
      <Filter>Header Files</Filter>
    </ClInclude>
    <ClInclude Include="TileStart.h">
      <Filter>Header Files</Filter>
    </ClInclude>
    <ClInclude Include="TileEnd.h">
      <Filter>Header Files</Filter>
    </ClInclude>
    <ClInclude Include="Path.h">
      <Filter>Header Files</Filter>
    </ClInclude>
    <ClInclude Include="Point.h">
      <Filter>Header Files</Filter>
    </ClInclude>
    <ClInclude Include="Connect2.h">
      <Filter>Header Files</Filter>
    </ClInclude>
    <ClInclude Include="Board.h">
      <Filter>Header Files</Filter>
    </ClInclude>
    <ClInclude Include="MoveInput.h">
      <Filter>Header Files</Filter>
    </ClInclude>
    <ClInclude Include="BoardOccupy.h">
      <Filter>Header Files</Filter>
    </ClInclude>
    <ClInclude Include="Direction.h">
      <Filter>Header Files</Filter>
    </ClInclude>
    <ClInclude Include="MoveInstructions.h">
      <Filter>Header Files</Filter>
    </ClInclude>
    <ClInclude Include="PathInfoForBoard.h">
      <Filter>Header Files</Filter>
    </ClInclude>
    <ClInclude Include="PathMove.h">
      <Filter>Header Files</Filter>
    </ClInclude>
    <ClInclude Include="MoveInstructionsEnter.h">
      <Filter>Header Files</Filter>
    </ClInclude>
    <ClInclude Include="MoveInstructionsExit.h">
      <Filter>Header Files</Filter>
    </ClInclude>
    <ClInclude Include="RecursionHelper.h">
      <Filter>Header Files</Filter>
    </ClInclude>
    <ClInclude Include="GameInput.h">
      <Filter>Header Files</Filter>
    </ClInclude>
  </ItemGroup>
</Project>